
Microsoft Visual Studio Solution File, Format Version 12.00
# Visual Studio Version 16
VisualStudioVersion = 16.0.30114.105
MinimumVisualStudioVersion = 10.0.40219.1
Project("{FAE04EC0-301F-11D3-BF4B-00C04F79EFBC}") = "OlaMundo", "OlaMundo\OlaMundo.csproj", "{3682F6CA-E9F5-40AC-8162-4DCDF8256E1C}"
EndProject
Project("{FAE04EC0-301F-11D3-BF4B-00C04F79EFBC}") = "Argumentos", "Argumentos\Argumentos.csproj", "{128F4A6C-E89E-467C-BA92-CCD26307705C}"
EndProject
Global
	GlobalSection(SolutionConfigurationPlatforms) = preSolution
		Debug|Any CPU = Debug|Any CPU
		Release|Any CPU = Release|Any CPU
	EndGlobalSection
	GlobalSection(SolutionProperties) = preSolution
		HideSolutionNode = FALSE
	EndGlobalSection
	GlobalSection(ProjectConfigurationPlatforms) = postSolution
		{3682F6CA-E9F5-40AC-8162-4DCDF8256E1C}.Debug|Any CPU.ActiveCfg = Debug|Any CPU
		{3682F6CA-E9F5-40AC-8162-4DCDF8256E1C}.Debug|Any CPU.Build.0 = Debug|Any CPU
		{3682F6CA-E9F5-40AC-8162-4DCDF8256E1C}.Release|Any CPU.ActiveCfg = Release|Any CPU
		{3682F6CA-E9F5-40AC-8162-4DCDF8256E1C}.Release|Any CPU.Build.0 = Release|Any CPU
		{128F4A6C-E89E-467C-BA92-CCD26307705C}.Debug|Any CPU.ActiveCfg = Debug|Any CPU
		{128F4A6C-E89E-467C-BA92-CCD26307705C}.Debug|Any CPU.Build.0 = Debug|Any CPU
		{128F4A6C-E89E-467C-BA92-CCD26307705C}.Release|Any CPU.ActiveCfg = Release|Any CPU
		{128F4A6C-E89E-467C-BA92-CCD26307705C}.Release|Any CPU.Build.0 = Release|Any CPU
	EndGlobalSection
EndGlobal
